
Microsoft Visual Studio Solution File, Format Version 12.00
# Visual Studio Version 16
VisualStudioVersion = 16.0.30114.105
MinimumVisualStudioVersion = 10.0.40219.1
Project("{FAE04EC0-301F-11D3-BF4B-00C04F79EFBC}") = "Selenium_WebDriver_Advanced", "Selenium_WebDriver_Advanced\Selenium_WebDriver_Advanced.csproj", "{34D7BD42-2E44-4D0F-B3BC-3A3C2643F828}"
EndProject
Global
	GlobalSection(SolutionConfigurationPlatforms) = preSolution
		Debug|Any CPU = Debug|Any CPU
		Release|Any CPU = Release|Any CPU
	EndGlobalSection
	GlobalSection(ProjectConfigurationPlatforms) = postSolution
		{34D7BD42-2E44-4D0F-B3BC-3A3C2643F828}.Debug|Any CPU.ActiveCfg = Debug|Any CPU
		{34D7BD42-2E44-4D0F-B3BC-3A3C2643F828}.Debug|Any CPU.Build.0 = Debug|Any CPU
		{34D7BD42-2E44-4D0F-B3BC-3A3C2643F828}.Release|Any CPU.ActiveCfg = Release|Any CPU
		{34D7BD42-2E44-4D0F-B3BC-3A3C2643F828}.Release|Any CPU.Build.0 = Release|Any CPU
	EndGlobalSection
	GlobalSection(SolutionProperties) = preSolution
		HideSolutionNode = FALSE
	EndGlobalSection
	GlobalSection(ExtensibilityGlobals) = postSolution
		SolutionGuid = {4BC27C4F-E29F-4841-AB4A-02EFD016E09A}
	EndGlobalSection
EndGlobal
